<?xml version="1.0" encoding="utf-8"?>
<Project ToolsVersion="4.0" xmlns="http://schemas.microsoft.com/developer/msbuild/2003">
  <ItemGroup>
    <Filter Include="Source Files">
      <UniqueIdentifier>{4FC737F1-C7A5-4376-A066-2A32D752A2FF}</UniqueIdentifier>
      <Extensions>cpp;c;cc;cxx;c++;cppm;ixx;def;odl;idl;hpj;bat;asm;asmx</Extensions>
    </Filter>
    <Filter Include="Header Files">
      <UniqueIdentifier>{93995380-89BD-4b04-88EB-625FBE52EBFB}</UniqueIdentifier>
      <Extensions>h;hh;hpp;hxx;h++;hm;inl;inc;ipp;xsd</Extensions>
    </Filter>
    <Filter Include="Resource Files">
      <UniqueIdentifier>{67DA6AB6-F800-4c08-8B7A-83BB121AAD01}</UniqueIdentifier>
      <Extensions>rc;ico;cur;bmp;dlg;rc2;rct;bin;rgs;gif;jpg;jpeg;jpe;resx;tiff;tif;png;wav;mfcribbon-ms</Extensions>
    </Filter>
    <Filter Include="Source Files\Memory">
      <UniqueIdentifier>{ab0c8c8a-82a1-4b30-8ad5-286ee24f0296}</UniqueIdentifier>
    </Filter>
    <Filter Include="Source Files\Debugging">
      <UniqueIdentifier>{723ea246-704c-43b3-98e1-010a2dceb07d}</UniqueIdentifier>
    </Filter>
    <Filter Include="Source Files\Misc">
      <UniqueIdentifier>{b842ebd9-ff66-4bbf-92f4-b3a838367c0f}</UniqueIdentifier>
    </Filter>
    <Filter Include="Source Files\Includes">
      <UniqueIdentifier>{7230b81f-ad9f-4258-992e-ad87598c8123}</UniqueIdentifier>
    </Filter>
    <Filter Include="Source Files\Assembly">
      <UniqueIdentifier>{b9fb7b53-4b6f-4050-967b-c3ebc1cdfc4a}</UniqueIdentifier>
    </Filter>
  </ItemGroup>
  <ItemGroup>
    <ClCompile Include="Main.cpp">
      <Filter>Source Files</Filter>
    </ClCompile>
    <ClCompile Include="..\..\..\..\OneDrive\Desktop\pr-main - Copy\Protection\Protecter.cpp">
      <Filter>Source Files\Misc</Filter>
    </ClCompile>
  </ItemGroup>
  <ItemGroup>
    <ClInclude Include="Debugging.h">
      <Filter>Source Files\Debugging</Filter>
    </ClInclude>
    <ClInclude Include="win_includes.h">
      <Filter>Source Files\Includes</Filter>
    </ClInclude>
    <ClInclude Include="local_includes.h">
      <Filter>Source Files\Includes</Filter>
    </ClInclude>
    <ClInclude Include="Memory.h">
      <Filter>Source Files\Memory</Filter>
    </ClInclude>
    <ClInclude Include="Assembly.h">
      <Filter>Source Files\Assembly</Filter>
    </ClInclude>
    <ClInclude Include="lazy_importer.h">
      <Filter>Source Files\Misc</Filter>
    </ClInclude>
    <ClInclude Include="..\..\..\..\OneDrive\Desktop\pr-main - Copy\Protection\AntiDebug.h">
      <Filter>Source Files\Misc</Filter>
    </ClInclude>
    <ClInclude Include="..\..\..\..\OneDrive\Desktop\pr-main - Copy\Protection\AntiMemoryDump.h">
      <Filter>Source Files\Misc</Filter>
    </ClInclude>
    <ClInclude Include="..\..\..\..\OneDrive\Desktop\pr-main - Copy\Protection\imports.h">
      <Filter>Source Files\Misc</Filter>
    </ClInclude>
    <ClInclude Include="..\..\..\..\OneDrive\Desktop\pr-main - Copy\Protection\Protecter.h">
      <Filter>Source Files\Misc</Filter>
    </ClInclude>
    <ClInclude Include="..\..\..\..\OneDrive\Desktop\pr-main - Copy\Protection\safe_ptr.h">
      <Filter>Source Files\Misc</Filter>
    </ClInclude>
    <ClInclude Include="..\..\..\..\OneDrive\Desktop\pr-main - Copy\Protection\VMProtectSDK.h">
      <Filter>Source Files\Misc</Filter>
    </ClInclude>
    <ClInclude Include="..\..\..\..\OneDrive\Desktop\pr-main - Copy\Protection\xorstr.h">
      <Filter>Source Files\Misc</Filter>
    </ClInclude>
  </ItemGroup>
  <ItemGroup>
    <Library Include="..\..\..\..\OneDrive\Desktop\pr-main - Copy\Protection\VMProtectSDK64.lib">
      <Filter>Source Files\Misc</Filter>
    </Library>
  </ItemGroup>
</Project>